<?xml version="1.0" encoding="utf-8"?>
<Project ToolsVersion="4.0" xmlns="http://schemas.microsoft.com/developer/msbuild/2003">
  <ItemGroup>
    <Filter Include="Math">
      <UniqueIdentifier>{4FC737F1-C7A5-4376-A066-2A32D752A2FF}</UniqueIdentifier>
      <Extensions>cpp;c;cc;cxx;def;odl;idl;hpj;bat;asm;asmx</Extensions>
    </Filter>
    <Filter Include="Rendering">
      <UniqueIdentifier>{29bf97eb-5bab-44ae-85b3-fce77888eaf6}</UniqueIdentifier>
    </Filter>
    <Filter Include="Sound">
      <UniqueIdentifier>{30b13f91-019b-445a-a6e6-9ab524f3879b}</UniqueIdentifier>
    </Filter>
    <Filter Include="Input">
      <UniqueIdentifier>{a322a158-430d-48e3-9196-52e2736ed572}</UniqueIdentifier>
    </Filter>
    <Filter Include="Core">
      <UniqueIdentifier>{83b86691-91a1-496e-bd33-3f46c079c431}</UniqueIdentifier>
    </Filter>
  </ItemGroup>
  <ItemGroup>
    <ClInclude Include="Math\Colors.hpp">
      <Filter>Math</Filter>
    </ClInclude>
    <ClInclude Include="Math\GameMath.hpp">
      <Filter>Math</Filter>
    </ClInclude>
    <ClInclude Include="Math\Matrix4.hpp">
      <Filter>Math</Filter>
    </ClInclude>
    <ClInclude Include="Math\Vec2.hpp">
      <Filter>Math</Filter>
    </ClInclude>
    <ClInclude Include="Math\Vec3.hpp">
      <Filter>Math</Filter>
    </ClInclude>
    <ClInclude Include="Math\Vec4.hpp">
      <Filter>Math</Filter>
    </ClInclude>
    <ClInclude Include="Input\InputWrapper.hpp">
      <Filter>Input</Filter>
    </ClInclude>
    <ClInclude Include="Input\XboxControllerHandler.hpp">
      <Filter>Input</Filter>
    </ClInclude>
    <ClInclude Include="Core\DeveloperConsole.hpp">
      <Filter>Core</Filter>
    </ClInclude>
    <ClInclude Include="Core\EngineCommon.hpp">
      <Filter>Core</Filter>
    </ClInclude>
    <ClInclude Include="Rendering\BitmapFont.hpp">
      <Filter>Rendering</Filter>
    </ClInclude>
    <ClInclude Include="Rendering\DebugDraw.hpp">
      <Filter>Rendering</Filter>
    </ClInclude>
    <ClInclude Include="Rendering\FrameBufferObject.hpp">
      <Filter>Rendering</Filter>
    </ClInclude>
    <ClInclude Include="Rendering\glext.h">
      <Filter>Rendering</Filter>
    </ClInclude>
    <ClInclude Include="Rendering\Light.hpp">
      <Filter>Rendering</Filter>
    </ClInclude>
    <ClInclude Include="Rendering\Material.hpp">
      <Filter>Rendering</Filter>
    </ClInclude>
    <ClInclude Include="Rendering\RenderFunctions.hpp">
      <Filter>Rendering</Filter>
    </ClInclude>
    <ClInclude Include="Rendering\Shader.hpp">
      <Filter>Rendering</Filter>
    </ClInclude>
    <ClInclude Include="Rendering\ShaderProgram.hpp">
      <Filter>Rendering</Filter>
    </ClInclude>
    <ClInclude Include="Rendering\TextRenderer.hpp">
      <Filter>Rendering</Filter>
    </ClInclude>
    <ClInclude Include="Rendering\Texture.hpp">
      <Filter>Rendering</Filter>
    </ClInclude>
    <ClInclude Include="Rendering\VennRenderer.hpp">
      <Filter>Rendering</Filter>
    </ClInclude>
    <ClInclude Include="Rendering\Vertex3D.hpp">
      <Filter>Rendering</Filter>
    </ClInclude>
    <ClInclude Include="Math\Rgba.hpp">
      <Filter>Math</Filter>
    </ClInclude>
    <ClInclude Include="Rendering\Mesh.hpp">
      <Filter>Rendering</Filter>
    </ClInclude>
    <ClInclude Include="Input\InputManager.hpp">
      <Filter>Input</Filter>
    </ClInclude>
    <ClInclude Include="Core\BufferParser.hpp">
      <Filter>Core</Filter>
    </ClInclude>
    <ClInclude Include="Core\TinyXMLHelper.hpp">
      <Filter>Core</Filter>
    </ClInclude>
    <ClInclude Include="Rendering\C23FileHandler.hpp">
      <Filter>Rendering</Filter>
    </ClInclude>
    <ClInclude Include="Rendering\OBJFileHandler.hpp">
      <Filter>Rendering</Filter>
    </ClInclude>
    <ClInclude Include="Core\FileSystem.hpp">
      <Filter>Core</Filter>
    </ClInclude>
    <ClInclude Include="Rendering\C23Cooker.hpp">
      <Filter>Rendering</Filter>
    </ClInclude>
    <ClInclude Include="Core\StringTable.hpp">
      <Filter>Core</Filter>
    </ClInclude>
    <ClInclude Include="Core\Utility.hpp">
      <Filter>Core</Filter>
    </ClInclude>
    <ClInclude Include="Sound\Audio.hpp">
      <Filter>Sound</Filter>
    </ClInclude>
    <ClInclude Include="Rendering\BuiltInShaders.hpp">
      <Filter>Rendering</Filter>
    </ClInclude>
    <ClInclude Include="Core\TimeSystem.hpp">
      <Filter>Core</Filter>
    </ClInclude>
    <ClInclude Include="Core\miniz.h">
      <Filter>Core</Filter>
    </ClInclude>
    <ClInclude Include="Core\ZipFile.hpp">
      <Filter>Core</Filter>
    </ClInclude>
  </ItemGroup>
  <ItemGroup>
    <ClCompile Include="Math\GameMath.cpp">
      <Filter>Math</Filter>
    </ClCompile>
    <ClCompile Include="Math\Matrix4.cpp">
      <Filter>Math</Filter>
    </ClCompile>
    <ClCompile Include="Input\InputWrapper_Win32.cpp">
      <Filter>Input</Filter>
    </ClCompile>
    <ClCompile Include="Input\XboxControllerHandler.cpp">
      <Filter>Input</Filter>
    </ClCompile>
    <ClCompile Include="Core\DeveloperConsole.cpp">
      <Filter>Core</Filter>
    </ClCompile>
    <ClCompile Include="Rendering\BitmapFont.cpp">
      <Filter>Rendering</Filter>
    </ClCompile>
    <ClCompile Include="Rendering\DebugDraw.cpp">
      <Filter>Rendering</Filter>
    </ClCompile>
    <ClCompile Include="Rendering\FrameBufferObject.cpp">
      <Filter>Rendering</Filter>
    </ClCompile>
    <ClCompile Include="Rendering\Light.cpp">
      <Filter>Rendering</Filter>
    </ClCompile>
    <ClCompile Include="Rendering\Material.cpp">
      <Filter>Rendering</Filter>
    </ClCompile>
    <ClCompile Include="Rendering\RenderFunctions.cpp">
      <Filter>Rendering</Filter>
    </ClCompile>
    <ClCompile Include="Rendering\Shader.cpp">
      <Filter>Rendering</Filter>
    </ClCompile>
    <ClCompile Include="Rendering\ShaderProgram.cpp">
      <Filter>Rendering</Filter>
    </ClCompile>
    <ClCompile Include="Rendering\stb_image.c">
      <Filter>Rendering</Filter>
    </ClCompile>
    <ClCompile Include="Rendering\TextRenderer.cpp">
      <Filter>Rendering</Filter>
    </ClCompile>
    <ClCompile Include="Rendering\Texture.cpp">
      <Filter>Rendering</Filter>
    </ClCompile>
    <ClCompile Include="Rendering\VennRenderer_OpenGL.cpp">
      <Filter>Rendering</Filter>
    </ClCompile>
    <ClCompile Include="Rendering\Mesh.cpp">
      <Filter>Rendering</Filter>
    </ClCompile>
    <ClCompile Include="Input\InputManager_Win32.cpp">
      <Filter>Input</Filter>
    </ClCompile>
    <ClCompile Include="Core\BufferParser.cpp">
      <Filter>Core</Filter>
    </ClCompile>
    <ClCompile Include="Core\TinyXMLHelper.cpp">
      <Filter>Core</Filter>
    </ClCompile>
    <ClCompile Include="Rendering\C23FileHandler.cpp">
      <Filter>Rendering</Filter>
    </ClCompile>
    <ClCompile Include="Rendering\OBJFileHandler.cpp">
      <Filter>Rendering</Filter>
    </ClCompile>
    <ClCompile Include="Core\FileSystem_Win32.cpp">
      <Filter>Core</Filter>
    </ClCompile>
    <ClCompile Include="Rendering\C23Cooker.cpp">
      <Filter>Rendering</Filter>
    </ClCompile>
    <ClCompile Include="Core\StringTable.cpp">
      <Filter>Core</Filter>
    </ClCompile>
    <ClCompile Include="Core\EngineCommon.cpp">
      <Filter>Core</Filter>
    </ClCompile>
    <ClCompile Include="Core\Utility.cpp">
      <Filter>Core</Filter>
    </ClCompile>
    <ClCompile Include="Sound\Audio.cpp">
      <Filter>Sound</Filter>
    </ClCompile>
    <ClCompile Include="Core\TimeSystem.cpp">
      <Filter>Core</Filter>
    </ClCompile>
    <ClCompile Include="Core\miniz.c">
      <Filter>Core</Filter>
    </ClCompile>
    <ClCompile Include="Core\ZipFile.cpp">
      <Filter>Core</Filter>
    </ClCompile>
  </ItemGroup>
</Project>